
Microsoft Visual Studio Solution File, Format Version 12.00
# Visual Studio Version 17
VisualStudioVersion = 17.0.31717.71
MinimumVisualStudioVersion = 10.0.40219.1
Project("{2150E333-8FDC-42A3-9474-1A3956D46DE8}") = "apps", "apps", "{866DB6CC-FEA8-4CC2-A2E4-143537D197B6}"
EndProject
Project("{2150E333-8FDC-42A3-9474-1A3956D46DE8}") = "gateways", "gateways", "{1484E912-DCF3-4568-A72C-4C7622104DB8}"
EndProject
Project("{2150E333-8FDC-42A3-9474-1A3956D46DE8}") = "services", "services", "{F415FFFD-E52D-4EBE-98DC-067C1EFFFFE3}"
EndProject
Project("{2150E333-8FDC-42A3-9474-1A3956D46DE8}") = "shared", "shared", "{B8B59303-2178-459B-91A8-DF353044E090}"
EndProject
Project("{9A19103F-16F7-4668-BE54-9A1E7A4F7556}") = "EShopOnAbp.Shared.Hosting", "shared\EShopOnAbp.Shared.Hosting\EShopOnAbp.Shared.Hosting.csproj", "{B473B411-0B14-47A9-B4BB-9F0F4E884C87}"
EndProject
Project("{9A19103F-16F7-4668-BE54-9A1E7A4F7556}") = "EShopOnAbp.Shared.Hosting.AspNetCore", "shared\EShopOnAbp.Shared.Hosting.AspNetCore\EShopOnAbp.Shared.Hosting.AspNetCore.csproj", "{6FCB66AF-6044-478D-B2A0-90F7E555C152}"
EndProject
Project("{9A19103F-16F7-4668-BE54-9A1E7A4F7556}") = "EShopOnAbp.Shared.Localization", "shared\EShopOnAbp.Shared.Localization\EShopOnAbp.Shared.Localization.csproj", "{2B608875-8226-44E4-B93A-D475E11A7B80}"
EndProject
Project("{9A19103F-16F7-4668-BE54-9A1E7A4F7556}") = "EShopOnAbp.Shared.Hosting.Microservices", "shared\EShopOnAbp.Shared.Hosting.Microservices\EShopOnAbp.Shared.Hosting.Microservices.csproj", "{49DDB3F1-6200-445E-9A0D-0339E31D5D77}"
EndProject
Project("{9A19103F-16F7-4668-BE54-9A1E7A4F7556}") = "EShopOnAbp.AdministrationService.HttpApi.Host", "services\administration\src\EShopOnAbp.AdministrationService.HttpApi.Host\EShopOnAbp.AdministrationService.HttpApi.Host.csproj", "{0FA9667E-6A08-4EFF-8CAF-D2A3C3C1FBBD}"
EndProject
Project("{9A19103F-16F7-4668-BE54-9A1E7A4F7556}") = "EShopOnAbp.IdentityService.HttpApi.Host", "services\identity\src\EShopOnAbp.IdentityService.HttpApi.Host\EShopOnAbp.IdentityService.HttpApi.Host.csproj", "{FDFCA1B4-FD9D-445C-8655-3DF3F2D57CEA}"
EndProject
Project("{9A19103F-16F7-4668-BE54-9A1E7A4F7556}") = "EShopOnAbp.Shared.Hosting.Gateways", "shared\EShopOnAbp.Shared.Hosting.Gateways\EShopOnAbp.Shared.Hosting.Gateways.csproj", "{590B609C-5887-4896-9FC5-5E54A2658B18}"
EndProject
Project("{9A19103F-16F7-4668-BE54-9A1E7A4F7556}") = "EShopOnAbp.WebGateway", "gateways\web\src\EShopOnAbp.WebGateway\EShopOnAbp.WebGateway.csproj", "{5D653BE4-7653-4684-B9F0-9A9B955093E5}"
EndProject
Project("{9A19103F-16F7-4668-BE54-9A1E7A4F7556}") = "EShopOnAbp.WebPublicGateway", "gateways\web-public\src\EShopOnAbp.WebPublicGateway\EShopOnAbp.WebPublicGateway.csproj", "{2E0B715C-3AAD-47B3-B2EB-D34CB24CBEFA}"
EndProject
Project("{9A19103F-16F7-4668-BE54-9A1E7A4F7556}") = "EShopOnAbp.PublicWeb", "apps\public-web\src\EShopOnAbp.PublicWeb\EShopOnAbp.PublicWeb.csproj", "{969029FC-CFCF-4F95-9778-E5C69117711E}"
EndProject
Project("{9A19103F-16F7-4668-BE54-9A1E7A4F7556}") = "EShopOnAbp.CatalogService.HttpApi.Host", "services\catalog\src\EShopOnAbp.CatalogService.HttpApi.Host\EShopOnAbp.CatalogService.HttpApi.Host.csproj", "{3381E059-A2B5-4660-AFDA-5063DEE64154}"
EndProject
Project("{9A19103F-16F7-4668-BE54-9A1E7A4F7556}") = "EShopOnAbp.OrderingService.HttpApi.Host", "services\ordering\src\EShopOnAbp.OrderingService.HttpApi.Host\EShopOnAbp.OrderingService.HttpApi.Host.csproj", "{CE23F65B-BCDD-40D5-8AB5-80D9F52D3FA1}"
EndProject
Project("{9A19103F-16F7-4668-BE54-9A1E7A4F7556}") = "EShopOnAbp.PaymentService.HttpApi.Host", "services\payment\src\EShopOnAbp.PaymentService.HttpApi.Host\EShopOnAbp.PaymentService.HttpApi.Host.csproj", "{7AE4C613-780E-4DA5-9B57-76F0D40D5146}"
EndProject
Project("{9A19103F-16F7-4668-BE54-9A1E7A4F7556}") = "EShopOnAbp.BasketService", "services\basket\src\EShopOnAbp.BasketService\EShopOnAbp.BasketService.csproj", "{E373DD66-3247-4D95-B325-064BBBC337B1}"
EndProject
Project("{9A19103F-16F7-4668-BE54-9A1E7A4F7556}") = "EShopOnAbp.CmskitService.HttpApi.Host", "services\cmskit\src\EShopOnAbp.CmskitService.HttpApi.Host\EShopOnAbp.CmskitService.HttpApi.Host.csproj", "{D5B9D5A5-44AA-42F8-867C-95B54780C9DC}"
EndProject
Project("{9A19103F-16F7-4668-BE54-9A1E7A4F7556}") = "EShopOnAbp.Keycloak.DbMigrator", "shared\EShopOnAbp.Keycloak.DbMigrator\EShopOnAbp.Keycloak.DbMigrator.csproj", "{774C6ADF-BDD0-431C-A9F3-8BAFD5A49C8C}"
EndProject
Project("{9A19103F-16F7-4668-BE54-9A1E7A4F7556}") = "EShopOnAbp.OrderingService.Application", "services\ordering\src\EShopOnAbp.OrderingService.Application\EShopOnAbp.OrderingService.Application.csproj", "{8AAAB9D8-5391-4DE4-97A8-58A8D3B7858B}"
EndProject
Project("{9A19103F-16F7-4668-BE54-9A1E7A4F7556}") = "EShopOnAbp.PaymentService.Application", "services\payment\src\EShopOnAbp.PaymentService.Application\EShopOnAbp.PaymentService.Application.csproj", "{2D4A400F-5D00-4090-A3B8-8A56F749C897}"
EndProject
Project("{2150E333-8FDC-42A3-9474-1A3956D46DE8}") = "Catalog", "Catalog", "{D8CD7BE0-CC97-4E18-8204-40D9A02DEE90}"
EndProject
Project("{2150E333-8FDC-42A3-9474-1A3956D46DE8}") = "Basket", "Basket", "{B685328A-7DE9-4F1E-90B5-AFB193824BC6}"
EndProject
Project("{2150E333-8FDC-42A3-9474-1A3956D46DE8}") = "Ordering", "Ordering", "{372B42BB-5E5B-4E67-B8E3-4348D1C69AAF}"
EndProject
Project("{2150E333-8FDC-42A3-9474-1A3956D46DE8}") = "Payment", "Payment", "{4091BACD-8915-48FD-8B41-E7E1CFBF2A81}"
EndProject
Project("{2150E333-8FDC-42A3-9474-1A3956D46DE8}") = "Administration", "Administration", "{C4701015-8BD4-446A-B4D6-0EC91B97CDC0}"
EndProject
Project("{2150E333-8FDC-42A3-9474-1A3956D46DE8}") = "Identity", "Identity", "{95BD7E16-439E-4806-A120-ACEEF62F27A9}"
EndProject
Project("{9A19103F-16F7-4668-BE54-9A1E7A4F7556}") = "EShopOnAbp.AdministrationService.Application", "services\administration\src\EShopOnAbp.AdministrationService.Application\EShopOnAbp.AdministrationService.Application.csproj", "{96AD0BA4-EC88-4E31-9998-17473D0B8B5B}"
EndProject
Project("{9A19103F-16F7-4668-BE54-9A1E7A4F7556}") = "EShopOnAbp.AdministrationService.Application.Contracts", "services\administration\src\EShopOnAbp.AdministrationService.Application.Contracts\EShopOnAbp.AdministrationService.Application.Contracts.csproj", "{09BC5F41-0AEB-462F-A039-C2D7BE5A4B5C}"
EndProject
Project("{9A19103F-16F7-4668-BE54-9A1E7A4F7556}") = "EShopOnAbp.AdministrationService.Domain", "services\administration\src\EShopOnAbp.AdministrationService.Domain\EShopOnAbp.AdministrationService.Domain.csproj", "{D48C9B27-BFB4-497F-8C8C-E2A50C720FB1}"
EndProject
Project("{2150E333-8FDC-42A3-9474-1A3956D46DE8}") = "cmskit", "cmskit", "{5F945C49-9CFB-40C6-9041-5741753590C5}"
EndProject
Project("{9A19103F-16F7-4668-BE54-9A1E7A4F7556}") = "EShopOnAbp.AdministrationService.Domain.Shared", "services\administration\src\EShopOnAbp.AdministrationService.Domain.Shared\EShopOnAbp.AdministrationService.Domain.Shared.csproj", "{5BDF1FCD-3F9E-4D07-ABCF-3E90D66EB198}"
EndProject
Project("{9A19103F-16F7-4668-BE54-9A1E7A4F7556}") = "EShopOnAbp.AdministrationService.EntityFrameworkCore", "services\administration\src\EShopOnAbp.AdministrationService.EntityFrameworkCore\EShopOnAbp.AdministrationService.EntityFrameworkCore.csproj", "{20076F84-92ED-4B1A-8C26-3E23A2815EAC}"
EndProject
Project("{9A19103F-16F7-4668-BE54-9A1E7A4F7556}") = "EShopOnAbp.AdministrationService.HttpApi", "services\administration\src\EShopOnAbp.AdministrationService.HttpApi\EShopOnAbp.AdministrationService.HttpApi.csproj", "{A9A3B58D-C203-4316-9A7C-2FEC21A6B43B}"
EndProject
Project("{9A19103F-16F7-4668-BE54-9A1E7A4F7556}") = "EShopOnAbp.AdministrationService.HttpApi.Client", "services\administration\src\EShopOnAbp.AdministrationService.HttpApi.Client\EShopOnAbp.AdministrationService.HttpApi.Client.csproj", "{E88FDBB8-7D25-4560-B2F5-B8ECF8AB1D0F}"
EndProject
Project("{9A19103F-16F7-4668-BE54-9A1E7A4F7556}") = "EShopOnAbp.BasketService.Contracts", "services\basket\src\EShopOnAbp.BasketService.Contracts\EShopOnAbp.BasketService.Contracts.csproj", "{0E7B0AD8-BD56-4EE3-93F9-854ADA22A87A}"
EndProject
Project("{9A19103F-16F7-4668-BE54-9A1E7A4F7556}") = "EShopOnAbp.CatalogService.Application", "services\catalog\src\EShopOnAbp.CatalogService.Application\EShopOnAbp.CatalogService.Application.csproj", "{C1B8555F-3F3E-4252-974E-661535D34645}"
EndProject
Project("{9A19103F-16F7-4668-BE54-9A1E7A4F7556}") = "EShopOnAbp.CatalogService.Application.Contracts", "services\catalog\src\EShopOnAbp.CatalogService.Application.Contracts\EShopOnAbp.CatalogService.Application.Contracts.csproj", "{3D1C2E00-FB42-45FA-8FF1-D82841B346FD}"
EndProject
Project("{9A19103F-16F7-4668-BE54-9A1E7A4F7556}") = "EShopOnAbp.CatalogService.Domain", "services\catalog\src\EShopOnAbp.CatalogService.Domain\EShopOnAbp.CatalogService.Domain.csproj", "{5BEE0D1F-1102-4573-99CD-33308BA86AE0}"
EndProject
Project("{9A19103F-16F7-4668-BE54-9A1E7A4F7556}") = "EShopOnAbp.CatalogService.Domain.Shared", "services\catalog\src\EShopOnAbp.CatalogService.Domain.Shared\EShopOnAbp.CatalogService.Domain.Shared.csproj", "{A5773509-B349-46E7-A4FC-0167A554018B}"
EndProject
Project("{9A19103F-16F7-4668-BE54-9A1E7A4F7556}") = "EShopOnAbp.CatalogService.HttpApi", "services\catalog\src\EShopOnAbp.CatalogService.HttpApi\EShopOnAbp.CatalogService.HttpApi.csproj", "{E11A2023-733B-4EAA-A4C1-52B136B93EC1}"
EndProject
Project("{9A19103F-16F7-4668-BE54-9A1E7A4F7556}") = "EShopOnAbp.CatalogService.MongoDB", "services\catalog\src\EShopOnAbp.CatalogService.MongoDB\EShopOnAbp.CatalogService.MongoDB.csproj", "{DB95DDE7-5FFC-49DC-8666-A61D00D9491C}"
EndProject
Project("{9A19103F-16F7-4668-BE54-9A1E7A4F7556}") = "EShopOnAbp.CatalogService.HttpApi.Client", "services\catalog\src\EShopOnAbp.CatalogService.HttpApi.Client\EShopOnAbp.CatalogService.HttpApi.Client.csproj", "{46909112-80E3-40D4-BFB1-EFC4E53E0E20}"
EndProject
Project("{9A19103F-16F7-4668-BE54-9A1E7A4F7556}") = "EShopOnAbp.CmskitService.Application", "services\cmskit\src\EShopOnAbp.CmskitService.Application\EShopOnAbp.CmskitService.Application.csproj", "{93C13FC9-7DA1-4429-B933-1133C38DC69A}"
EndProject
Project("{9A19103F-16F7-4668-BE54-9A1E7A4F7556}") = "EShopOnAbp.CmskitService.Application.Contracts", "services\cmskit\src\EShopOnAbp.CmskitService.Application.Contracts\EShopOnAbp.CmskitService.Application.Contracts.csproj", "{0AD6CD95-DF21-4072-A53E-E8AB72A59A82}"
EndProject
Project("{9A19103F-16F7-4668-BE54-9A1E7A4F7556}") = "EShopOnAbp.CmskitService.Domain", "services\cmskit\src\EShopOnAbp.CmskitService.Domain\EShopOnAbp.CmskitService.Domain.csproj", "{CF09D966-B8C2-4F1E-A3A2-EEB912F00C24}"
EndProject
Project("{9A19103F-16F7-4668-BE54-9A1E7A4F7556}") = "EShopOnAbp.CmskitService.Domain.Shared", "services\cmskit\src\EShopOnAbp.CmskitService.Domain.Shared\EShopOnAbp.CmskitService.Domain.Shared.csproj", "{0DFD59A5-1EAD-4D74-B4E5-A7E6FFE49CFB}"
EndProject
Project("{9A19103F-16F7-4668-BE54-9A1E7A4F7556}") = "EShopOnAbp.CmskitService.EntityFrameworkCore", "services\cmskit\src\EShopOnAbp.CmskitService.EntityFrameworkCore\EShopOnAbp.CmskitService.EntityFrameworkCore.csproj", "{E2864691-C011-4BB8-AF72-DFA670D69C4E}"
EndProject
Project("{9A19103F-16F7-4668-BE54-9A1E7A4F7556}") = "EShopOnAbp.CmskitService.HttpApi", "services\cmskit\src\EShopOnAbp.CmskitService.HttpApi\EShopOnAbp.CmskitService.HttpApi.csproj", "{A0BE79FE-4159-4F2E-AD49-66A448017DB2}"
EndProject
Project("{9A19103F-16F7-4668-BE54-9A1E7A4F7556}") = "EShopOnAbp.CmskitService.HttpApi.Client", "services\cmskit\src\EShopOnAbp.CmskitService.HttpApi.Client\EShopOnAbp.CmskitService.HttpApi.Client.csproj", "{46CD7371-7F43-45C3-A12C-F56A21B274D9}"
EndProject
Project("{9A19103F-16F7-4668-BE54-9A1E7A4F7556}") = "EShopOnAbp.OrderingService.Application.Contracts", "services\ordering\src\EShopOnAbp.OrderingService.Application.Contracts\EShopOnAbp.OrderingService.Application.Contracts.csproj", "{503912F0-2C1B-43D2-A6B0-8CBEE2D8D088}"
EndProject
Project("{9A19103F-16F7-4668-BE54-9A1E7A4F7556}") = "EShopOnAbp.OrderingService.Domain", "services\ordering\src\EShopOnAbp.OrderingService.Domain\EShopOnAbp.OrderingService.Domain.csproj", "{826D2184-7D02-4FCF-9DA4-A8F8EDA3BEAF}"
EndProject
Project("{9A19103F-16F7-4668-BE54-9A1E7A4F7556}") = "EShopOnAbp.OrderingService.Domain.Shared", "services\ordering\src\EShopOnAbp.OrderingService.Domain.Shared\EShopOnAbp.OrderingService.Domain.Shared.csproj", "{6879671D-F14D-421B-8676-F1489A7BB661}"
EndProject
Project("{9A19103F-16F7-4668-BE54-9A1E7A4F7556}") = "EShopOnAbp.OrderingService.HttpApi", "services\ordering\src\EShopOnAbp.OrderingService.HttpApi\EShopOnAbp.OrderingService.HttpApi.csproj", "{A73A03B9-F0AB-4F6B-A22F-7E627684F226}"
EndProject
Project("{9A19103F-16F7-4668-BE54-9A1E7A4F7556}") = "EShopOnAbp.OrderingService.HttpApi.Client", "services\ordering\src\EShopOnAbp.OrderingService.HttpApi.Client\EShopOnAbp.OrderingService.HttpApi.Client.csproj", "{CB77F7B4-AF91-4CCB-AC3C-DBA7FF8DCFE3}"
EndProject
Project("{9A19103F-16F7-4668-BE54-9A1E7A4F7556}") = "EShopOnAbp.PaymentService.Application.Contracts", "services\payment\src\EShopOnAbp.PaymentService.Application.Contracts\EShopOnAbp.PaymentService.Application.Contracts.csproj", "{063EF548-2A25-4F98-ACDC-E9F0C36BC086}"
EndProject
Project("{9A19103F-16F7-4668-BE54-9A1E7A4F7556}") = "EShopOnAbp.PaymentService.Domain", "services\payment\src\EShopOnAbp.PaymentService.Domain\EShopOnAbp.PaymentService.Domain.csproj", "{065530D9-DD2D-43D6-AEA8-D189DA712DA2}"
EndProject
Project("{9A19103F-16F7-4668-BE54-9A1E7A4F7556}") = "EShopOnAbp.PaymentService.Domain.Shared", "services\payment\src\EShopOnAbp.PaymentService.Domain.Shared\EShopOnAbp.PaymentService.Domain.Shared.csproj", "{04652671-A0C9-4A7A-A7AC-A34E0B8E76E1}"
EndProject
Project("{9A19103F-16F7-4668-BE54-9A1E7A4F7556}") = "EShopOnAbp.PaymentService.EntityFrameworkCore", "services\payment\src\EShopOnAbp.PaymentService.EntityFrameworkCore\EShopOnAbp.PaymentService.EntityFrameworkCore.csproj", "{3B6A7221-13AE-4F6E-B05B-2EA8EFBD7D73}"
EndProject
Project("{9A19103F-16F7-4668-BE54-9A1E7A4F7556}") = "EShopOnAbp.PaymentService.HttpApi", "services\payment\src\EShopOnAbp.PaymentService.HttpApi\EShopOnAbp.PaymentService.HttpApi.csproj", "{AFC6C360-18D5-4245-91BE-FE884B6B4EA2}"
EndProject
Project("{9A19103F-16F7-4668-BE54-9A1E7A4F7556}") = "EShopOnAbp.PaymentService.HttpApi.Client", "services\payment\src\EShopOnAbp.PaymentService.HttpApi.Client\EShopOnAbp.PaymentService.HttpApi.Client.csproj", "{438F543D-1167-4EE6-B611-EF642EA448D8}"
EndProject
Project("{9A19103F-16F7-4668-BE54-9A1E7A4F7556}") = "EShopOnAbp.IdentityService.Application", "services\identity\src\EShopOnAbp.IdentityService.Application\EShopOnAbp.IdentityService.Application.csproj", "{BD479129-D7C1-4C82-A608-FDAED5B932B7}"
EndProject
Project("{9A19103F-16F7-4668-BE54-9A1E7A4F7556}") = "EShopOnAbp.IdentityService.Application.Contracts", "services\identity\src\EShopOnAbp.IdentityService.Application.Contracts\EShopOnAbp.IdentityService.Application.Contracts.csproj", "{60624998-8196-41F5-A5F8-0CA3F92AEEA1}"
EndProject
Project("{9A19103F-16F7-4668-BE54-9A1E7A4F7556}") = "EShopOnAbp.IdentityService.Domain", "services\identity\src\EShopOnAbp.IdentityService.Domain\EShopOnAbp.IdentityService.Domain.csproj", "{6B25AF04-6B76-4917-A3D3-2A8BE262E09C}"
EndProject
Project("{9A19103F-16F7-4668-BE54-9A1E7A4F7556}") = "EShopOnAbp.IdentityService.Domain.Shared", "services\identity\src\EShopOnAbp.IdentityService.Domain.Shared\EShopOnAbp.IdentityService.Domain.Shared.csproj", "{3F582778-D6DD-4435-90D7-42B5DF84001D}"
EndProject
Project("{9A19103F-16F7-4668-BE54-9A1E7A4F7556}") = "EShopOnAbp.IdentityService.EntityFrameworkCore", "services\identity\src\EShopOnAbp.IdentityService.EntityFrameworkCore\EShopOnAbp.IdentityService.EntityFrameworkCore.csproj", "{730A3C12-0ECD-4F39-A194-6600980E9014}"
EndProject
Project("{9A19103F-16F7-4668-BE54-9A1E7A4F7556}") = "EShopOnAbp.IdentityService.HttpApi", "services\identity\src\EShopOnAbp.IdentityService.HttpApi\EShopOnAbp.IdentityService.HttpApi.csproj", "{40C11E70-49CA-4E00-A162-C810CDB20CEE}"
EndProject
Project("{9A19103F-16F7-4668-BE54-9A1E7A4F7556}") = "EShopOnAbp.IdentityService.HttpApi.Client", "services\identity\src\EShopOnAbp.IdentityService.HttpApi.Client\EShopOnAbp.IdentityService.HttpApi.Client.csproj", "{48A12ECF-BFFE-407A-BC06-401FEBF8280C}"
EndProject
Project("{9A19103F-16F7-4668-BE54-9A1E7A4F7556}") = "EShopOnAbp.OrderingService.EntityFrameworkCore", "services\ordering\src\EShopOnAbp.OrderingService.EntityFrameworkCore\EShopOnAbp.OrderingService.EntityFrameworkCore.csproj", "{9FB30094-589A-45E7-BA1D-599225654FF9}"
EndProject
Global
	GlobalSection(SolutionConfigurationPlatforms) = preSolution
		Debug|Any CPU = Debug|Any CPU
		Release|Any CPU = Release|Any CPU
	EndGlobalSection
	GlobalSection(ProjectConfigurationPlatforms) = postSolution
		{B473B411-0B14-47A9-B4BB-9F0F4E884C87}.Debug|Any CPU.ActiveCfg = Debug|Any CPU
		{B473B411-0B14-47A9-B4BB-9F0F4E884C87}.Debug|Any CPU.Build.0 = Debug|Any CPU
		{B473B411-0B14-47A9-B4BB-9F0F4E884C87}.Release|Any CPU.ActiveCfg = Release|Any CPU
		{B473B411-0B14-47A9-B4BB-9F0F4E884C87}.Release|Any CPU.Build.0 = Release|Any CPU
		{6FCB66AF-6044-478D-B2A0-90F7E555C152}.Debug|Any CPU.ActiveCfg = Debug|Any CPU
		{6FCB66AF-6044-478D-B2A0-90F7E555C152}.Debug|Any CPU.Build.0 = Debug|Any CPU
		{6FCB66AF-6044-478D-B2A0-90F7E555C152}.Release|Any CPU.ActiveCfg = Release|Any CPU
		{6FCB66AF-6044-478D-B2A0-90F7E555C152}.Release|Any CPU.Build.0 = Release|Any CPU
		{2B608875-8226-44E4-B93A-D475E11A7B80}.Debug|Any CPU.ActiveCfg = Debug|Any CPU
		{2B608875-8226-44E4-B93A-D475E11A7B80}.Debug|Any CPU.Build.0 = Debug|Any CPU
		{2B608875-8226-44E4-B93A-D475E11A7B80}.Release|Any CPU.ActiveCfg = Release|Any CPU
		{2B608875-8226-44E4-B93A-D475E11A7B80}.Release|Any CPU.Build.0 = Release|Any CPU
		{49DDB3F1-6200-445E-9A0D-0339E31D5D77}.Debug|Any CPU.ActiveCfg = Debug|Any CPU
		{49DDB3F1-6200-445E-9A0D-0339E31D5D77}.Debug|Any CPU.Build.0 = Debug|Any CPU
		{49DDB3F1-6200-445E-9A0D-0339E31D5D77}.Release|Any CPU.ActiveCfg = Release|Any CPU
		{49DDB3F1-6200-445E-9A0D-0339E31D5D77}.Release|Any CPU.Build.0 = Release|Any CPU
		{0FA9667E-6A08-4EFF-8CAF-D2A3C3C1FBBD}.Debug|Any CPU.ActiveCfg = Debug|Any CPU
		{0FA9667E-6A08-4EFF-8CAF-D2A3C3C1FBBD}.Debug|Any CPU.Build.0 = Debug|Any CPU
		{0FA9667E-6A08-4EFF-8CAF-D2A3C3C1FBBD}.Release|Any CPU.ActiveCfg = Release|Any CPU
		{0FA9667E-6A08-4EFF-8CAF-D2A3C3C1FBBD}.Release|Any CPU.Build.0 = Release|Any CPU
		{FDFCA1B4-FD9D-445C-8655-3DF3F2D57CEA}.Debug|Any CPU.ActiveCfg = Debug|Any CPU
		{FDFCA1B4-FD9D-445C-8655-3DF3F2D57CEA}.Debug|Any CPU.Build.0 = Debug|Any CPU
		{FDFCA1B4-FD9D-445C-8655-3DF3F2D57CEA}.Release|Any CPU.ActiveCfg = Release|Any CPU
		{FDFCA1B4-FD9D-445C-8655-3DF3F2D57CEA}.Release|Any CPU.Build.0 = Release|Any CPU
		{590B609C-5887-4896-9FC5-5E54A2658B18}.Debug|Any CPU.ActiveCfg = Debug|Any CPU
		{590B609C-5887-4896-9FC5-5E54A2658B18}.Debug|Any CPU.Build.0 = Debug|Any CPU
		{590B609C-5887-4896-9FC5-5E54A2658B18}.Release|Any CPU.ActiveCfg = Release|Any CPU
		{590B609C-5887-4896-9FC5-5E54A2658B18}.Release|Any CPU.Build.0 = Release|Any CPU
		{5D653BE4-7653-4684-B9F0-9A9B955093E5}.Debug|Any CPU.ActiveCfg = Debug|Any CPU
		{5D653BE4-7653-4684-B9F0-9A9B955093E5}.Debug|Any CPU.Build.0 = Debug|Any CPU
		{5D653BE4-7653-4684-B9F0-9A9B955093E5}.Release|Any CPU.ActiveCfg = Release|Any CPU
		{5D653BE4-7653-4684-B9F0-9A9B955093E5}.Release|Any CPU.Build.0 = Release|Any CPU
		{2E0B715C-3AAD-47B3-B2EB-D34CB24CBEFA}.Debug|Any CPU.ActiveCfg = Debug|Any CPU
		{2E0B715C-3AAD-47B3-B2EB-D34CB24CBEFA}.Debug|Any CPU.Build.0 = Debug|Any CPU
		{2E0B715C-3AAD-47B3-B2EB-D34CB24CBEFA}.Release|Any CPU.ActiveCfg = Release|Any CPU
		{2E0B715C-3AAD-47B3-B2EB-D34CB24CBEFA}.Release|Any CPU.Build.0 = Release|Any CPU
		{969029FC-CFCF-4F95-9778-E5C69117711E}.Debug|Any CPU.ActiveCfg = Debug|Any CPU
		{969029FC-CFCF-4F95-9778-E5C69117711E}.Debug|Any CPU.Build.0 = Debug|Any CPU
		{969029FC-CFCF-4F95-9778-E5C69117711E}.Release|Any CPU.ActiveCfg = Release|Any CPU
		{969029FC-CFCF-4F95-9778-E5C69117711E}.Release|Any CPU.Build.0 = Release|Any CPU
		{3381E059-A2B5-4660-AFDA-5063DEE64154}.Debug|Any CPU.ActiveCfg = Debug|Any CPU
		{3381E059-A2B5-4660-AFDA-5063DEE64154}.Debug|Any CPU.Build.0 = Debug|Any CPU
		{3381E059-A2B5-4660-AFDA-5063DEE64154}.Release|Any CPU.ActiveCfg = Release|Any CPU
		{3381E059-A2B5-4660-AFDA-5063DEE64154}.Release|Any CPU.Build.0 = Release|Any CPU
		{CE23F65B-BCDD-40D5-8AB5-80D9F52D3FA1}.Debug|Any CPU.ActiveCfg = Debug|Any CPU
		{CE23F65B-BCDD-40D5-8AB5-80D9F52D3FA1}.Debug|Any CPU.Build.0 = Debug|Any CPU
		{CE23F65B-BCDD-40D5-8AB5-80D9F52D3FA1}.Release|Any CPU.ActiveCfg = Release|Any CPU
		{CE23F65B-BCDD-40D5-8AB5-80D9F52D3FA1}.Release|Any CPU.Build.0 = Release|Any CPU
		{7AE4C613-780E-4DA5-9B57-76F0D40D5146}.Debug|Any CPU.ActiveCfg = Debug|Any CPU
		{7AE4C613-780E-4DA5-9B57-76F0D40D5146}.Debug|Any CPU.Build.0 = Debug|Any CPU
		{7AE4C613-780E-4DA5-9B57-76F0D40D5146}.Release|Any CPU.ActiveCfg = Release|Any CPU
		{7AE4C613-780E-4DA5-9B57-76F0D40D5146}.Release|Any CPU.Build.0 = Release|Any CPU
		{E373DD66-3247-4D95-B325-064BBBC337B1}.Debug|Any CPU.ActiveCfg = Debug|Any CPU
		{E373DD66-3247-4D95-B325-064BBBC337B1}.Debug|Any CPU.Build.0 = Debug|Any CPU
		{E373DD66-3247-4D95-B325-064BBBC337B1}.Release|Any CPU.ActiveCfg = Release|Any CPU
		{E373DD66-3247-4D95-B325-064BBBC337B1}.Release|Any CPU.Build.0 = Release|Any CPU
		{D5B9D5A5-44AA-42F8-867C-95B54780C9DC}.Debug|Any CPU.ActiveCfg = Debug|Any CPU
		{D5B9D5A5-44AA-42F8-867C-95B54780C9DC}.Debug|Any CPU.Build.0 = Debug|Any CPU
		{D5B9D5A5-44AA-42F8-867C-95B54780C9DC}.Release|Any CPU.ActiveCfg = Release|Any CPU
		{D5B9D5A5-44AA-42F8-867C-95B54780C9DC}.Release|Any CPU.Build.0 = Release|Any CPU
		{774C6ADF-BDD0-431C-A9F3-8BAFD5A49C8C}.Debug|Any CPU.ActiveCfg = Debug|Any CPU
		{774C6ADF-BDD0-431C-A9F3-8BAFD5A49C8C}.Debug|Any CPU.Build.0 = Debug|Any CPU
		{774C6ADF-BDD0-431C-A9F3-8BAFD5A49C8C}.Release|Any CPU.ActiveCfg = Release|Any CPU
		{774C6ADF-BDD0-431C-A9F3-8BAFD5A49C8C}.Release|Any CPU.Build.0 = Release|Any CPU
		{8AAAB9D8-5391-4DE4-97A8-58A8D3B7858B}.Debug|Any CPU.ActiveCfg = Debug|Any CPU
		{8AAAB9D8-5391-4DE4-97A8-58A8D3B7858B}.Debug|Any CPU.Build.0 = Debug|Any CPU
		{8AAAB9D8-5391-4DE4-97A8-58A8D3B7858B}.Release|Any CPU.ActiveCfg = Release|Any CPU
		{8AAAB9D8-5391-4DE4-97A8-58A8D3B7858B}.Release|Any CPU.Build.0 = Release|Any CPU
		{2D4A400F-5D00-4090-A3B8-8A56F749C897}.Debug|Any CPU.ActiveCfg = Debug|Any CPU
		{2D4A400F-5D00-4090-A3B8-8A56F749C897}.Debug|Any CPU.Build.0 = Debug|Any CPU
		{2D4A400F-5D00-4090-A3B8-8A56F749C897}.Release|Any CPU.ActiveCfg = Release|Any CPU
		{2D4A400F-5D00-4090-A3B8-8A56F749C897}.Release|Any CPU.Build.0 = Release|Any CPU
		{96AD0BA4-EC88-4E31-9998-17473D0B8B5B}.Debug|Any CPU.ActiveCfg = Debug|Any CPU
		{96AD0BA4-EC88-4E31-9998-17473D0B8B5B}.Debug|Any CPU.Build.0 = Debug|Any CPU
		{96AD0BA4-EC88-4E31-9998-17473D0B8B5B}.Release|Any CPU.ActiveCfg = Release|Any CPU
		{96AD0BA4-EC88-4E31-9998-17473D0B8B5B}.Release|Any CPU.Build.0 = Release|Any CPU
		{09BC5F41-0AEB-462F-A039-C2D7BE5A4B5C}.Debug|Any CPU.ActiveCfg = Debug|Any CPU
		{09BC5F41-0AEB-462F-A039-C2D7BE5A4B5C}.Debug|Any CPU.Build.0 = Debug|Any CPU
		{09BC5F41-0AEB-462F-A039-C2D7BE5A4B5C}.Release|Any CPU.ActiveCfg = Release|Any CPU
		{09BC5F41-0AEB-462F-A039-C2D7BE5A4B5C}.Release|Any CPU.Build.0 = Release|Any CPU
		{D48C9B27-BFB4-497F-8C8C-E2A50C720FB1}.Debug|Any CPU.ActiveCfg = Debug|Any CPU
		{D48C9B27-BFB4-497F-8C8C-E2A50C720FB1}.Debug|Any CPU.Build.0 = Debug|Any CPU
		{D48C9B27-BFB4-497F-8C8C-E2A50C720FB1}.Release|Any CPU.ActiveCfg = Release|Any CPU
		{D48C9B27-BFB4-497F-8C8C-E2A50C720FB1}.Release|Any CPU.Build.0 = Release|Any CPU
		{5BDF1FCD-3F9E-4D07-ABCF-3E90D66EB198}.Debug|Any CPU.ActiveCfg = Debug|Any CPU
		{5BDF1FCD-3F9E-4D07-ABCF-3E90D66EB198}.Debug|Any CPU.Build.0 = Debug|Any CPU
		{5BDF1FCD-3F9E-4D07-ABCF-3E90D66EB198}.Release|Any CPU.ActiveCfg = Release|Any CPU
		{5BDF1FCD-3F9E-4D07-ABCF-3E90D66EB198}.Release|Any CPU.Build.0 = Release|Any CPU
		{20076F84-92ED-4B1A-8C26-3E23A2815EAC}.Debug|Any CPU.ActiveCfg = Debug|Any CPU
		{20076F84-92ED-4B1A-8C26-3E23A2815EAC}.Debug|Any CPU.Build.0 = Debug|Any CPU
		{20076F84-92ED-4B1A-8C26-3E23A2815EAC}.Release|Any CPU.ActiveCfg = Release|Any CPU
		{20076F84-92ED-4B1A-8C26-3E23A2815EAC}.Release|Any CPU.Build.0 = Release|Any CPU
		{A9A3B58D-C203-4316-9A7C-2FEC21A6B43B}.Debug|Any CPU.ActiveCfg = Debug|Any CPU
		{A9A3B58D-C203-4316-9A7C-2FEC21A6B43B}.Debug|Any CPU.Build.0 = Debug|Any CPU
		{A9A3B58D-C203-4316-9A7C-2FEC21A6B43B}.Release|Any CPU.ActiveCfg = Release|Any CPU
		{A9A3B58D-C203-4316-9A7C-2FEC21A6B43B}.Release|Any CPU.Build.0 = Release|Any CPU
		{E88FDBB8-7D25-4560-B2F5-B8ECF8AB1D0F}.Debug|Any CPU.ActiveCfg = Debug|Any CPU
		{E88FDBB8-7D25-4560-B2F5-B8ECF8AB1D0F}.Debug|Any CPU.Build.0 = Debug|Any CPU
		{E88FDBB8-7D25-4560-B2F5-B8ECF8AB1D0F}.Release|Any CPU.ActiveCfg = Release|Any CPU
		{E88FDBB8-7D25-4560-B2F5-B8ECF8AB1D0F}.Release|Any CPU.Build.0 = Release|Any CPU
		{0E7B0AD8-BD56-4EE3-93F9-854ADA22A87A}.Debug|Any CPU.ActiveCfg = Debug|Any CPU
		{0E7B0AD8-BD56-4EE3-93F9-854ADA22A87A}.Debug|Any CPU.Build.0 = Debug|Any CPU
		{0E7B0AD8-BD56-4EE3-93F9-854ADA22A87A}.Release|Any CPU.ActiveCfg = Release|Any CPU
		{0E7B0AD8-BD56-4EE3-93F9-854ADA22A87A}.Release|Any CPU.Build.0 = Release|Any CPU
		{C1B8555F-3F3E-4252-974E-661535D34645}.Debug|Any CPU.ActiveCfg = Debug|Any CPU
		{C1B8555F-3F3E-4252-974E-661535D34645}.Debug|Any CPU.Build.0 = Debug|Any CPU
		{C1B8555F-3F3E-4252-974E-661535D34645}.Release|Any CPU.ActiveCfg = Release|Any CPU
		{C1B8555F-3F3E-4252-974E-661535D34645}.Release|Any CPU.Build.0 = Release|Any CPU
		{3D1C2E00-FB42-45FA-8FF1-D82841B346FD}.Debug|Any CPU.ActiveCfg = Debug|Any CPU
		{3D1C2E00-FB42-45FA-8FF1-D82841B346FD}.Debug|Any CPU.Build.0 = Debug|Any CPU
		{3D1C2E00-FB42-45FA-8FF1-D82841B346FD}.Release|Any CPU.ActiveCfg = Release|Any CPU
		{3D1C2E00-FB42-45FA-8FF1-D82841B346FD}.Release|Any CPU.Build.0 = Release|Any CPU
		{5BEE0D1F-1102-4573-99CD-33308BA86AE0}.Debug|Any CPU.ActiveCfg = Debug|Any CPU
		{5BEE0D1F-1102-4573-99CD-33308BA86AE0}.Debug|Any CPU.Build.0 = Debug|Any CPU
		{5BEE0D1F-1102-4573-99CD-33308BA86AE0}.Release|Any CPU.ActiveCfg = Release|Any CPU
		{5BEE0D1F-1102-4573-99CD-33308BA86AE0}.Release|Any CPU.Build.0 = Release|Any CPU
		{A5773509-B349-46E7-A4FC-0167A554018B}.Debug|Any CPU.ActiveCfg = Debug|Any CPU
		{A5773509-B349-46E7-A4FC-0167A554018B}.Debug|Any CPU.Build.0 = Debug|Any CPU
		{A5773509-B349-46E7-A4FC-0167A554018B}.Release|Any CPU.ActiveCfg = Release|Any CPU
		{A5773509-B349-46E7-A4FC-0167A554018B}.Release|Any CPU.Build.0 = Release|Any CPU
		{E11A2023-733B-4EAA-A4C1-52B136B93EC1}.Debug|Any CPU.ActiveCfg = Debug|Any CPU
		{E11A2023-733B-4EAA-A4C1-52B136B93EC1}.Debug|Any CPU.Build.0 = Debug|Any CPU
		{E11A2023-733B-4EAA-A4C1-52B136B93EC1}.Release|Any CPU.ActiveCfg = Release|Any CPU
		{E11A2023-733B-4EAA-A4C1-52B136B93EC1}.Release|Any CPU.Build.0 = Release|Any CPU
		{DB95DDE7-5FFC-49DC-8666-A61D00D9491C}.Debug|Any CPU.ActiveCfg = Debug|Any CPU
		{DB95DDE7-5FFC-49DC-8666-A61D00D9491C}.Debug|Any CPU.Build.0 = Debug|Any CPU
		{DB95DDE7-5FFC-49DC-8666-A61D00D9491C}.Release|Any CPU.ActiveCfg = Release|Any CPU
		{DB95DDE7-5FFC-49DC-8666-A61D00D9491C}.Release|Any CPU.Build.0 = Release|Any CPU
		{46909112-80E3-40D4-BFB1-EFC4E53E0E20}.Debug|Any CPU.ActiveCfg = Debug|Any CPU
		{46909112-80E3-40D4-BFB1-EFC4E53E0E20}.Debug|Any CPU.Build.0 = Debug|Any CPU
		{46909112-80E3-40D4-BFB1-EFC4E53E0E20}.Release|Any CPU.ActiveCfg = Release|Any CPU
		{46909112-80E3-40D4-BFB1-EFC4E53E0E20}.Release|Any CPU.Build.0 = Release|Any CPU
		{93C13FC9-7DA1-4429-B933-1133C38DC69A}.Debug|Any CPU.ActiveCfg = Debug|Any CPU
		{93C13FC9-7DA1-4429-B933-1133C38DC69A}.Debug|Any CPU.Build.0 = Debug|Any CPU
		{93C13FC9-7DA1-4429-B933-1133C38DC69A}.Release|Any CPU.ActiveCfg = Release|Any CPU
		{93C13FC9-7DA1-4429-B933-1133C38DC69A}.Release|Any CPU.Build.0 = Release|Any CPU
		{0AD6CD95-DF21-4072-A53E-E8AB72A59A82}.Debug|Any CPU.ActiveCfg = Debug|Any CPU
		{0AD6CD95-DF21-4072-A53E-E8AB72A59A82}.Debug|Any CPU.Build.0 = Debug|Any CPU
		{0AD6CD95-DF21-4072-A53E-E8AB72A59A82}.Release|Any CPU.ActiveCfg = Release|Any CPU
		{0AD6CD95-DF21-4072-A53E-E8AB72A59A82}.Release|Any CPU.Build.0 = Release|Any CPU
		{CF09D966-B8C2-4F1E-A3A2-EEB912F00C24}.Debug|Any CPU.ActiveCfg = Debug|Any CPU
		{CF09D966-B8C2-4F1E-A3A2-EEB912F00C24}.Debug|Any CPU.Build.0 = Debug|Any CPU
		{CF09D966-B8C2-4F1E-A3A2-EEB912F00C24}.Release|Any CPU.ActiveCfg = Release|Any CPU
		{CF09D966-B8C2-4F1E-A3A2-EEB912F00C24}.Release|Any CPU.Build.0 = Release|Any CPU
		{0DFD59A5-1EAD-4D74-B4E5-A7E6FFE49CFB}.Debug|Any CPU.ActiveCfg = Debug|Any CPU
		{0DFD59A5-1EAD-4D74-B4E5-A7E6FFE49CFB}.Debug|Any CPU.Build.0 = Debug|Any CPU
		{0DFD59A5-1EAD-4D74-B4E5-A7E6FFE49CFB}.Release|Any CPU.ActiveCfg = Release|Any CPU
		{0DFD59A5-1EAD-4D74-B4E5-A7E6FFE49CFB}.Release|Any CPU.Build.0 = Release|Any CPU
		{E2864691-C011-4BB8-AF72-DFA670D69C4E}.Debug|Any CPU.ActiveCfg = Debug|Any CPU
		{E2864691-C011-4BB8-AF72-DFA670D69C4E}.Debug|Any CPU.Build.0 = Debug|Any CPU
		{E2864691-C011-4BB8-AF72-DFA670D69C4E}.Release|Any CPU.ActiveCfg = Release|Any CPU
		{E2864691-C011-4BB8-AF72-DFA670D69C4E}.Release|Any CPU.Build.0 = Release|Any CPU
		{A0BE79FE-4159-4F2E-AD49-66A448017DB2}.Debug|Any CPU.ActiveCfg = Debug|Any CPU
		{A0BE79FE-4159-4F2E-AD49-66A448017DB2}.Debug|Any CPU.Build.0 = Debug|Any CPU
		{A0BE79FE-4159-4F2E-AD49-66A448017DB2}.Release|Any CPU.ActiveCfg = Release|Any CPU
		{A0BE79FE-4159-4F2E-AD49-66A448017DB2}.Release|Any CPU.Build.0 = Release|Any CPU
		{46CD7371-7F43-45C3-A12C-F56A21B274D9}.Debug|Any CPU.ActiveCfg = Debug|Any CPU
		{46CD7371-7F43-45C3-A12C-F56A21B274D9}.Debug|Any CPU.Build.0 = Debug|Any CPU
		{46CD7371-7F43-45C3-A12C-F56A21B274D9}.Release|Any CPU.ActiveCfg = Release|Any CPU
		{46CD7371-7F43-45C3-A12C-F56A21B274D9}.Release|Any CPU.Build.0 = Release|Any CPU
		{503912F0-2C1B-43D2-A6B0-8CBEE2D8D088}.Debug|Any CPU.ActiveCfg = Debug|Any CPU
		{503912F0-2C1B-43D2-A6B0-8CBEE2D8D088}.Debug|Any CPU.Build.0 = Debug|Any CPU
		{503912F0-2C1B-43D2-A6B0-8CBEE2D8D088}.Release|Any CPU.ActiveCfg = Release|Any CPU
		{503912F0-2C1B-43D2-A6B0-8CBEE2D8D088}.Release|Any CPU.Build.0 = Release|Any CPU
		{826D2184-7D02-4FCF-9DA4-A8F8EDA3BEAF}.Debug|Any CPU.ActiveCfg = Debug|Any CPU
		{826D2184-7D02-4FCF-9DA4-A8F8EDA3BEAF}.Debug|Any CPU.Build.0 = Debug|Any CPU
		{826D2184-7D02-4FCF-9DA4-A8F8EDA3BEAF}.Release|Any CPU.ActiveCfg = Release|Any CPU
		{826D2184-7D02-4FCF-9DA4-A8F8EDA3BEAF}.Release|Any CPU.Build.0 = Release|Any CPU
		{6879671D-F14D-421B-8676-F1489A7BB661}.Debug|Any CPU.ActiveCfg = Debug|Any CPU
		{6879671D-F14D-421B-8676-F1489A7BB661}.Debug|Any CPU.Build.0 = Debug|Any CPU
		{6879671D-F14D-421B-8676-F1489A7BB661}.Release|Any CPU.ActiveCfg = Release|Any CPU
		{6879671D-F14D-421B-8676-F1489A7BB661}.Release|Any CPU.Build.0 = Release|Any CPU
		{A73A03B9-F0AB-4F6B-A22F-7E627684F226}.Debug|Any CPU.ActiveCfg = Debug|Any CPU
		{A73A03B9-F0AB-4F6B-A22F-7E627684F226}.Debug|Any CPU.Build.0 = Debug|Any CPU
		{A73A03B9-F0AB-4F6B-A22F-7E627684F226}.Release|Any CPU.ActiveCfg = Release|Any CPU
		{A73A03B9-F0AB-4F6B-A22F-7E627684F226}.Release|Any CPU.Build.0 = Release|Any CPU
		{CB77F7B4-AF91-4CCB-AC3C-DBA7FF8DCFE3}.Debug|Any CPU.ActiveCfg = Debug|Any CPU
		{CB77F7B4-AF91-4CCB-AC3C-DBA7FF8DCFE3}.Debug|Any CPU.Build.0 = Debug|Any CPU
		{CB77F7B4-AF91-4CCB-AC3C-DBA7FF8DCFE3}.Release|Any CPU.ActiveCfg = Release|Any CPU
		{CB77F7B4-AF91-4CCB-AC3C-DBA7FF8DCFE3}.Release|Any CPU.Build.0 = Release|Any CPU
		{063EF548-2A25-4F98-ACDC-E9F0C36BC086}.Debug|Any CPU.ActiveCfg = Debug|Any CPU
		{063EF548-2A25-4F98-ACDC-E9F0C36BC086}.Debug|Any CPU.Build.0 = Debug|Any CPU
		{063EF548-2A25-4F98-ACDC-E9F0C36BC086}.Release|Any CPU.ActiveCfg = Release|Any CPU
		{063EF548-2A25-4F98-ACDC-E9F0C36BC086}.Release|Any CPU.Build.0 = Release|Any CPU
		{065530D9-DD2D-43D6-AEA8-D189DA712DA2}.Debug|Any CPU.ActiveCfg = Debug|Any CPU
		{065530D9-DD2D-43D6-AEA8-D189DA712DA2}.Debug|Any CPU.Build.0 = Debug|Any CPU
		{065530D9-DD2D-43D6-AEA8-D189DA712DA2}.Release|Any CPU.ActiveCfg = Release|Any CPU
		{065530D9-DD2D-43D6-AEA8-D189DA712DA2}.Release|Any CPU.Build.0 = Release|Any CPU
		{04652671-A0C9-4A7A-A7AC-A34E0B8E76E1}.Debug|Any CPU.ActiveCfg = Debug|Any CPU
		{04652671-A0C9-4A7A-A7AC-A34E0B8E76E1}.Debug|Any CPU.Build.0 = Debug|Any CPU
		{04652671-A0C9-4A7A-A7AC-A34E0B8E76E1}.Release|Any CPU.ActiveCfg = Release|Any CPU
		{04652671-A0C9-4A7A-A7AC-A34E0B8E76E1}.Release|Any CPU.Build.0 = Release|Any CPU
		{3B6A7221-13AE-4F6E-B05B-2EA8EFBD7D73}.Debug|Any CPU.ActiveCfg = Debug|Any CPU
		{3B6A7221-13AE-4F6E-B05B-2EA8EFBD7D73}.Debug|Any CPU.Build.0 = Debug|Any CPU
		{3B6A7221-13AE-4F6E-B05B-2EA8EFBD7D73}.Release|Any CPU.ActiveCfg = Release|Any CPU
		{3B6A7221-13AE-4F6E-B05B-2EA8EFBD7D73}.Release|Any CPU.Build.0 = Release|Any CPU
		{AFC6C360-18D5-4245-91BE-FE884B6B4EA2}.Debug|Any CPU.ActiveCfg = Debug|Any CPU
		{AFC6C360-18D5-4245-91BE-FE884B6B4EA2}.Debug|Any CPU.Build.0 = Debug|Any CPU
		{AFC6C360-18D5-4245-91BE-FE884B6B4EA2}.Release|Any CPU.ActiveCfg = Release|Any CPU
		{AFC6C360-18D5-4245-91BE-FE884B6B4EA2}.Release|Any CPU.Build.0 = Release|Any CPU
		{438F543D-1167-4EE6-B611-EF642EA448D8}.Debug|Any CPU.ActiveCfg = Debug|Any CPU
		{438F543D-1167-4EE6-B611-EF642EA448D8}.Debug|Any CPU.Build.0 = Debug|Any CPU
		{438F543D-1167-4EE6-B611-EF642EA448D8}.Release|Any CPU.ActiveCfg = Release|Any CPU
		{438F543D-1167-4EE6-B611-EF642EA448D8}.Release|Any CPU.Build.0 = Release|Any CPU
		{BD479129-D7C1-4C82-A608-FDAED5B932B7}.Debug|Any CPU.ActiveCfg = Debug|Any CPU
		{BD479129-D7C1-4C82-A608-FDAED5B932B7}.Debug|Any CPU.Build.0 = Debug|Any CPU
		{BD479129-D7C1-4C82-A608-FDAED5B932B7}.Release|Any CPU.ActiveCfg = Release|Any CPU
		{BD479129-D7C1-4C82-A608-FDAED5B932B7}.Release|Any CPU.Build.0 = Release|Any CPU
		{60624998-8196-41F5-A5F8-0CA3F92AEEA1}.Debug|Any CPU.ActiveCfg = Debug|Any CPU
		{60624998-8196-41F5-A5F8-0CA3F92AEEA1}.Debug|Any CPU.Build.0 = Debug|Any CPU
		{60624998-8196-41F5-A5F8-0CA3F92AEEA1}.Release|Any CPU.ActiveCfg = Release|Any CPU
		{60624998-8196-41F5-A5F8-0CA3F92AEEA1}.Release|Any CPU.Build.0 = Release|Any CPU
		{6B25AF04-6B76-4917-A3D3-2A8BE262E09C}.Debug|Any CPU.ActiveCfg = Debug|Any CPU
		{6B25AF04-6B76-4917-A3D3-2A8BE262E09C}.Debug|Any CPU.Build.0 = Debug|Any CPU
		{6B25AF04-6B76-4917-A3D3-2A8BE262E09C}.Release|Any CPU.ActiveCfg = Release|Any CPU
		{6B25AF04-6B76-4917-A3D3-2A8BE262E09C}.Release|Any CPU.Build.0 = Release|Any CPU
		{3F582778-D6DD-4435-90D7-42B5DF84001D}.Debug|Any CPU.ActiveCfg = Debug|Any CPU
		{3F582778-D6DD-4435-90D7-42B5DF84001D}.Debug|Any CPU.Build.0 = Debug|Any CPU
		{3F582778-D6DD-4435-90D7-42B5DF84001D}.Release|Any CPU.ActiveCfg = Release|Any CPU
		{3F582778-D6DD-4435-90D7-42B5DF84001D}.Release|Any CPU.Build.0 = Release|Any CPU
		{730A3C12-0ECD-4F39-A194-6600980E9014}.Debug|Any CPU.ActiveCfg = Debug|Any CPU
		{730A3C12-0ECD-4F39-A194-6600980E9014}.Debug|Any CPU.Build.0 = Debug|Any CPU
		{730A3C12-0ECD-4F39-A194-6600980E9014}.Release|Any CPU.ActiveCfg = Release|Any CPU
		{730A3C12-0ECD-4F39-A194-6600980E9014}.Release|Any CPU.Build.0 = Release|Any CPU
		{40C11E70-49CA-4E00-A162-C810CDB20CEE}.Debug|Any CPU.ActiveCfg = Debug|Any CPU
		{40C11E70-49CA-4E00-A162-C810CDB20CEE}.Debug|Any CPU.Build.0 = Debug|Any CPU
		{40C11E70-49CA-4E00-A162-C810CDB20CEE}.Release|Any CPU.ActiveCfg = Release|Any CPU
		{40C11E70-49CA-4E00-A162-C810CDB20CEE}.Release|Any CPU.Build.0 = Release|Any CPU
		{48A12ECF-BFFE-407A-BC06-401FEBF8280C}.Debug|Any CPU.ActiveCfg = Debug|Any CPU
		{48A12ECF-BFFE-407A-BC06-401FEBF8280C}.Debug|Any CPU.Build.0 = Debug|Any CPU
		{48A12ECF-BFFE-407A-BC06-401FEBF8280C}.Release|Any CPU.ActiveCfg = Release|Any CPU
		{48A12ECF-BFFE-407A-BC06-401FEBF8280C}.Release|Any CPU.Build.0 = Release|Any CPU
		{9FB30094-589A-45E7-BA1D-599225654FF9}.Debug|Any CPU.ActiveCfg = Debug|Any CPU
		{9FB30094-589A-45E7-BA1D-599225654FF9}.Debug|Any CPU.Build.0 = Debug|Any CPU
		{9FB30094-589A-45E7-BA1D-599225654FF9}.Release|Any CPU.ActiveCfg = Release|Any CPU
		{9FB30094-589A-45E7-BA1D-599225654FF9}.Release|Any CPU.Build.0 = Release|Any CPU
	EndGlobalSection
	GlobalSection(SolutionProperties) = preSolution
		HideSolutionNode = FALSE
	EndGlobalSection
	GlobalSection(NestedProjects) = preSolution
		{B473B411-0B14-47A9-B4BB-9F0F4E884C87} = {B8B59303-2178-459B-91A8-DF353044E090}
		{6FCB66AF-6044-478D-B2A0-90F7E555C152} = {B8B59303-2178-459B-91A8-DF353044E090}
		{2B608875-8226-44E4-B93A-D475E11A7B80} = {B8B59303-2178-459B-91A8-DF353044E090}
		{49DDB3F1-6200-445E-9A0D-0339E31D5D77} = {B8B59303-2178-459B-91A8-DF353044E090}
		{0FA9667E-6A08-4EFF-8CAF-D2A3C3C1FBBD} = {C4701015-8BD4-446A-B4D6-0EC91B97CDC0}
		{FDFCA1B4-FD9D-445C-8655-3DF3F2D57CEA} = {95BD7E16-439E-4806-A120-ACEEF62F27A9}
		{590B609C-5887-4896-9FC5-5E54A2658B18} = {B8B59303-2178-459B-91A8-DF353044E090}
		{5D653BE4-7653-4684-B9F0-9A9B955093E5} = {1484E912-DCF3-4568-A72C-4C7622104DB8}
		{2E0B715C-3AAD-47B3-B2EB-D34CB24CBEFA} = {1484E912-DCF3-4568-A72C-4C7622104DB8}
		{969029FC-CFCF-4F95-9778-E5C69117711E} = {866DB6CC-FEA8-4CC2-A2E4-143537D197B6}
		{3381E059-A2B5-4660-AFDA-5063DEE64154} = {D8CD7BE0-CC97-4E18-8204-40D9A02DEE90}
		{CE23F65B-BCDD-40D5-8AB5-80D9F52D3FA1} = {372B42BB-5E5B-4E67-B8E3-4348D1C69AAF}
		{7AE4C613-780E-4DA5-9B57-76F0D40D5146} = {4091BACD-8915-48FD-8B41-E7E1CFBF2A81}
		{E373DD66-3247-4D95-B325-064BBBC337B1} = {B685328A-7DE9-4F1E-90B5-AFB193824BC6}
		{D5B9D5A5-44AA-42F8-867C-95B54780C9DC} = {5F945C49-9CFB-40C6-9041-5741753590C5}
		{774C6ADF-BDD0-431C-A9F3-8BAFD5A49C8C} = {B8B59303-2178-459B-91A8-DF353044E090}
		{8AAAB9D8-5391-4DE4-97A8-58A8D3B7858B} = {372B42BB-5E5B-4E67-B8E3-4348D1C69AAF}
		{2D4A400F-5D00-4090-A3B8-8A56F749C897} = {4091BACD-8915-48FD-8B41-E7E1CFBF2A81}
		{D8CD7BE0-CC97-4E18-8204-40D9A02DEE90} = {F415FFFD-E52D-4EBE-98DC-067C1EFFFFE3}
		{B685328A-7DE9-4F1E-90B5-AFB193824BC6} = {F415FFFD-E52D-4EBE-98DC-067C1EFFFFE3}
		{372B42BB-5E5B-4E67-B8E3-4348D1C69AAF} = {F415FFFD-E52D-4EBE-98DC-067C1EFFFFE3}
		{4091BACD-8915-48FD-8B41-E7E1CFBF2A81} = {F415FFFD-E52D-4EBE-98DC-067C1EFFFFE3}
		{C4701015-8BD4-446A-B4D6-0EC91B97CDC0} = {F415FFFD-E52D-4EBE-98DC-067C1EFFFFE3}
		{95BD7E16-439E-4806-A120-ACEEF62F27A9} = {F415FFFD-E52D-4EBE-98DC-067C1EFFFFE3}
		{96AD0BA4-EC88-4E31-9998-17473D0B8B5B} = {C4701015-8BD4-446A-B4D6-0EC91B97CDC0}
		{09BC5F41-0AEB-462F-A039-C2D7BE5A4B5C} = {C4701015-8BD4-446A-B4D6-0EC91B97CDC0}
		{D48C9B27-BFB4-497F-8C8C-E2A50C720FB1} = {C4701015-8BD4-446A-B4D6-0EC91B97CDC0}
		{5F945C49-9CFB-40C6-9041-5741753590C5} = {F415FFFD-E52D-4EBE-98DC-067C1EFFFFE3}
		{5BDF1FCD-3F9E-4D07-ABCF-3E90D66EB198} = {C4701015-8BD4-446A-B4D6-0EC91B97CDC0}
		{20076F84-92ED-4B1A-8C26-3E23A2815EAC} = {C4701015-8BD4-446A-B4D6-0EC91B97CDC0}
		{A9A3B58D-C203-4316-9A7C-2FEC21A6B43B} = {C4701015-8BD4-446A-B4D6-0EC91B97CDC0}
		{E88FDBB8-7D25-4560-B2F5-B8ECF8AB1D0F} = {C4701015-8BD4-446A-B4D6-0EC91B97CDC0}
		{0E7B0AD8-BD56-4EE3-93F9-854ADA22A87A} = {B685328A-7DE9-4F1E-90B5-AFB193824BC6}
		{C1B8555F-3F3E-4252-974E-661535D34645} = {D8CD7BE0-CC97-4E18-8204-40D9A02DEE90}
		{3D1C2E00-FB42-45FA-8FF1-D82841B346FD} = {D8CD7BE0-CC97-4E18-8204-40D9A02DEE90}
		{5BEE0D1F-1102-4573-99CD-33308BA86AE0} = {D8CD7BE0-CC97-4E18-8204-40D9A02DEE90}
		{A5773509-B349-46E7-A4FC-0167A554018B} = {D8CD7BE0-CC97-4E18-8204-40D9A02DEE90}
		{E11A2023-733B-4EAA-A4C1-52B136B93EC1} = {D8CD7BE0-CC97-4E18-8204-40D9A02DEE90}
		{DB95DDE7-5FFC-49DC-8666-A61D00D9491C} = {D8CD7BE0-CC97-4E18-8204-40D9A02DEE90}
		{46909112-80E3-40D4-BFB1-EFC4E53E0E20} = {D8CD7BE0-CC97-4E18-8204-40D9A02DEE90}
		{93C13FC9-7DA1-4429-B933-1133C38DC69A} = {5F945C49-9CFB-40C6-9041-5741753590C5}
		{0AD6CD95-DF21-4072-A53E-E8AB72A59A82} = {5F945C49-9CFB-40C6-9041-5741753590C5}
		{CF09D966-B8C2-4F1E-A3A2-EEB912F00C24} = {5F945C49-9CFB-40C6-9041-5741753590C5}
		{0DFD59A5-1EAD-4D74-B4E5-A7E6FFE49CFB} = {5F945C49-9CFB-40C6-9041-5741753590C5}
		{E2864691-C011-4BB8-AF72-DFA670D69C4E} = {5F945C49-9CFB-40C6-9041-5741753590C5}
		{A0BE79FE-4159-4F2E-AD49-66A448017DB2} = {5F945C49-9CFB-40C6-9041-5741753590C5}
		{46CD7371-7F43-45C3-A12C-F56A21B274D9} = {5F945C49-9CFB-40C6-9041-5741753590C5}
		{503912F0-2C1B-43D2-A6B0-8CBEE2D8D088} = {372B42BB-5E5B-4E67-B8E3-4348D1C69AAF}
		{826D2184-7D02-4FCF-9DA4-A8F8EDA3BEAF} = {372B42BB-5E5B-4E67-B8E3-4348D1C69AAF}
		{6879671D-F14D-421B-8676-F1489A7BB661} = {372B42BB-5E5B-4E67-B8E3-4348D1C69AAF}
		{A73A03B9-F0AB-4F6B-A22F-7E627684F226} = {372B42BB-5E5B-4E67-B8E3-4348D1C69AAF}
		{CB77F7B4-AF91-4CCB-AC3C-DBA7FF8DCFE3} = {372B42BB-5E5B-4E67-B8E3-4348D1C69AAF}
		{063EF548-2A25-4F98-ACDC-E9F0C36BC086} = {4091BACD-8915-48FD-8B41-E7E1CFBF2A81}
		{065530D9-DD2D-43D6-AEA8-D189DA712DA2} = {4091BACD-8915-48FD-8B41-E7E1CFBF2A81}
		{04652671-A0C9-4A7A-A7AC-A34E0B8E76E1} = {4091BACD-8915-48FD-8B41-E7E1CFBF2A81}
		{3B6A7221-13AE-4F6E-B05B-2EA8EFBD7D73} = {4091BACD-8915-48FD-8B41-E7E1CFBF2A81}
		{AFC6C360-18D5-4245-91BE-FE884B6B4EA2} = {4091BACD-8915-48FD-8B41-E7E1CFBF2A81}
		{438F543D-1167-4EE6-B611-EF642EA448D8} = {4091BACD-8915-48FD-8B41-E7E1CFBF2A81}
		{BD479129-D7C1-4C82-A608-FDAED5B932B7} = {95BD7E16-439E-4806-A120-ACEEF62F27A9}
		{60624998-8196-41F5-A5F8-0CA3F92AEEA1} = {95BD7E16-439E-4806-A120-ACEEF62F27A9}
		{6B25AF04-6B76-4917-A3D3-2A8BE262E09C} = {95BD7E16-439E-4806-A120-ACEEF62F27A9}
		{3F582778-D6DD-4435-90D7-42B5DF84001D} = {95BD7E16-439E-4806-A120-ACEEF62F27A9}
		{730A3C12-0ECD-4F39-A194-6600980E9014} = {95BD7E16-439E-4806-A120-ACEEF62F27A9}
		{40C11E70-49CA-4E00-A162-C810CDB20CEE} = {95BD7E16-439E-4806-A120-ACEEF62F27A9}
		{48A12ECF-BFFE-407A-BC06-401FEBF8280C} = {95BD7E16-439E-4806-A120-ACEEF62F27A9}
		{9FB30094-589A-45E7-BA1D-599225654FF9} = {372B42BB-5E5B-4E67-B8E3-4348D1C69AAF}
	EndGlobalSection
	GlobalSection(ExtensibilityGlobals) = postSolution
		SolutionGuid = {26F82565-C6A4-439D-93A4-3251E3E7D5B0}
	EndGlobalSection
EndGlobal
